	<Project xmlns="http://schemas.microsoft.com/developer/msbuild/2003">
		<PropertyGroup>
			<ProjectGuid>{E80B42E0-A6B4-4E95-940E-D2A555057B9A}</ProjectGuid>
			<MainSource>EGX_SP7.dpr</MainSource>
			<Config Condition="'$(Config)'==''">Débogage</Config>
			<DCC_DCCCompiler>DCC32</DCC_DCCCompiler>
			<ProjectVersion>12.0</ProjectVersion>
		</PropertyGroup>
		<PropertyGroup Condition="'$(Config)'=='Base' or '$(Base)'!=''">
			<Base>true</Base>
		</PropertyGroup>
		<PropertyGroup Condition="'$(Config)'=='Release' or '$(Cfg_1)'!=''">
			<Cfg_1>true</Cfg_1>
			<CfgParent>Base</CfgParent>
			<Base>true</Base>
		</PropertyGroup>
		<PropertyGroup Condition="'$(Config)'=='Débogage' or '$(Cfg_2)'!=''">
			<Cfg_2>true</Cfg_2>
			<CfgParent>Base</CfgParent>
			<Base>true</Base>
		</PropertyGroup>
		<PropertyGroup Condition="'$(Base)'!=''">
			<DCC_DependencyCheckOutputName>EGX_SP7.exe</DCC_DependencyCheckOutputName>
			<DCC_ImageBase>00400000</DCC_ImageBase>
			<DCC_UsePackage>Vcl50;Vclx50;VclSmp50;Qrpt50;Vcldb50;Vclbde50;ibevnt50;vcldbx50;TeeUI50;TeeDB50;Tee50;TeeQR50;VCLIB50;vclie50;Inetdb50;Inet50;NMFast50;dclocx50;dclaxserver50;ip3000v5;ip3000wordvcl5;fc3000v5;vcl;rtl;EXCEL14</DCC_UsePackage>
			<DCC_UnitSearchPath>C:\Tony\Delphi\Composants\TMS\TMS PACK\tmspck1;C:\Tony\Delphi\Composants\Outlook\tpvplanit\source;C:\Tony\Delphi\Composants\Outlook\tpofficepartner\source;D:\07_Logiciels\04_Delphi\Sources_jacques;D:\07_Logiciels\04_Delphi\CryptageD5;$(DCC_UnitSearchPath)</DCC_UnitSearchPath>
			<DCC_Alignment>1</DCC_Alignment>
			<DCC_UnitAlias>WinTypes=Windows;WinProcs=Windows;DbiTypes=BDE;DbiProcs=BDE;DbiErrs=BDE;WinTypes=Windows;WinProcs=Windows;$(DCC_UnitAlias)</DCC_UnitAlias>
			<DCC_Platform>x86</DCC_Platform>
			<DCC_K>false</DCC_K>
			<DCC_N>true</DCC_N>
			<DCC_S>false</DCC_S>
			<DCC_F>false</DCC_F>
			<DCC_WriteableConstants>true</DCC_WriteableConstants>
			<DCC_SymbolReferenceInfo>1</DCC_SymbolReferenceInfo>
			<DCC_E>false</DCC_E>
		</PropertyGroup>
		<PropertyGroup Condition="'$(Cfg_1)'!=''">
			<DCC_LocalDebugSymbols>false</DCC_LocalDebugSymbols>
			<DCC_Define>RELEASE;$(DCC_Define)</DCC_Define>
			<DCC_SymbolReferenceInfo>0</DCC_SymbolReferenceInfo>
			<DCC_DebugInformation>false</DCC_DebugInformation>
		</PropertyGroup>
		<PropertyGroup Condition="'$(Cfg_2)'!=''">
			<DCC_Define>DEBUG;$(DCC_Define)</DCC_Define>
		</PropertyGroup>
		<ItemGroup>
			<DelphiCompile Include="EGX_SP7.dpr">
				<MainSource>MainSource</MainSource>
			</DelphiCompile>
			<DCCReference Include="MAIN.pas">
				<Form>Form1</Form>
			</DCCReference>
			<DCCReference Include="WM_GENESYS.pas"/>
			<DCCReference Include="ThreadGenesysSP.pas"/>
			<DCCReference Include="U_Params.pas">
				<Form>F_Params</Form>
			</DCCReference>
			<DCCReference Include="ThreadGenesysSPINFO.pas"/>
			<DCCReference Include="U_Mail_OUTLOOK.pas">
				<Form>F_Mail_OUTLOOK</Form>
			</DCCReference>
			<DCCReference Include="U_Info.pas">
				<Form>F_Info</Form>
			</DCCReference>
			<DCCReference Include="U_Navigation.pas">
				<Form>F_Nav</Form>
			</DCCReference>
			<None Include="Version.txt">
				<ContainerId>File</ContainerId>
			</None>
			<None Include="ModelSupport_EGX_SP7\default.txaPackage"/>
			<None Include="ModelSupport_EGX_SP7\default.txvpck"/>
			<BuildConfiguration Include="Base">
				<Key>Base</Key>
			</BuildConfiguration>
			<BuildConfiguration Include="Débogage">
				<Key>Cfg_2</Key>
				<CfgParent>Base</CfgParent>
			</BuildConfiguration>
			<BuildConfiguration Include="Release">
				<Key>Cfg_1</Key>
				<CfgParent>Base</CfgParent>
			</BuildConfiguration>
		</ItemGroup>
		<Import Project="$(BDS)\Bin\CodeGear.Delphi.Targets" Condition="Exists('$(BDS)\Bin\CodeGear.Delphi.Targets')"/>
		<ProjectExtensions>
			<Borland.Personality>Delphi.Personality.12</Borland.Personality>
			<Borland.ProjectType>VCLApplication</Borland.ProjectType>
			<BorlandProject>
				<Delphi.Personality>
					<Source>
						<Source Name="MainSource">EGX_SP7.dpr</Source>
					</Source>
					<Parameters>
						<Parameters Name="RunParams">CIENUM 0 17 0 EGXS_SP_GEN_VALIDATION_POINTAGE_MODIF_TPS_BTN 0 0 1 0</Parameters>
						<Parameters Name="UseLauncher">False</Parameters>
						<Parameters Name="LoadAllSymbols">True</Parameters>
						<Parameters Name="LoadUnspecifiedSymbols">False</Parameters>
					</Parameters>
					<Language>
						<Language Name="ProjectLang">$0000040C</Language>
					</Language>
					<VersionInfo>
						<VersionInfo Name="IncludeVerInfo">True</VersionInfo>
						<VersionInfo Name="AutoIncBuild">False</VersionInfo>
						<VersionInfo Name="MajorVer">7</VersionInfo>
						<VersionInfo Name="MinorVer">0</VersionInfo>
						<VersionInfo Name="Release">0</VersionInfo>
						<VersionInfo Name="Build">5</VersionInfo>
						<VersionInfo Name="Debug">False</VersionInfo>
						<VersionInfo Name="PreRelease">False</VersionInfo>
						<VersionInfo Name="Special">False</VersionInfo>
						<VersionInfo Name="Private">False</VersionInfo>
						<VersionInfo Name="DLL">False</VersionInfo>
						<VersionInfo Name="Locale">1036</VersionInfo>
						<VersionInfo Name="CodePage">1252</VersionInfo>
					</VersionInfo>
					<VersionInfoKeys>
						<VersionInfoKeys Name="CompanyName"/>
						<VersionInfoKeys Name="FileDescription"/>
						<VersionInfoKeys Name="FileVersion">7.0.0.5</VersionInfoKeys>
						<VersionInfoKeys Name="InternalName"/>
						<VersionInfoKeys Name="LegalCopyright"/>
						<VersionInfoKeys Name="LegalTrademarks"/>
						<VersionInfoKeys Name="OriginalFilename"/>
						<VersionInfoKeys Name="ProductName"/>
						<VersionInfoKeys Name="ProductVersion">1.0.0.0</VersionInfoKeys>
						<VersionInfoKeys Name="Comments"/>
					</VersionInfoKeys>
					<Excluded_Packages>
						<Excluded_Packages Name="$(BDS)\bin\dclOfficeXP140.bpl">Composants Microsoft Office XP Sample Automation Server Wrapper</Excluded_Packages>
						<Excluded_Packages Name="C:\Program Files (x86)\Woll2Woll\ipstudio2011\bin\windows\2010\ipstudiowinwordxp2011_140.bpl">Woll2Woll InfoPower Studio 2011 - RichEdit for MSWord XP</Excluded_Packages>
						<Excluded_Packages Name="$(BDS)\bin\dcloffice2k140.bpl">Composants Microsoft Office 2000 Sample Automation Server Wrapper</Excluded_Packages>
					</Excluded_Packages>
				</Delphi.Personality>
				<ModelSupport>True</ModelSupport>
			</BorlandProject>
			<ProjectFileVersion>12</ProjectFileVersion>
		</ProjectExtensions>
	</Project>
